
Microsoft Visual Studio Solution File, Format Version 12.00
# Visual Studio Version 17
VisualStudioVersion = 17.13.35913.81
MinimumVisualStudioVersion = 10.0.40219.1
Project("{FAE04EC0-301F-11D3-BF4B-00C04F79EFBC}") = "CarWash.PL", "CarWash.PL.csproj", "{8357232F-2008-4E3E-BABA-82D369FADE12}"
EndProject
Project("{FAE04EC0-301F-11D3-BF4B-00C04F79EFBC}") = "CarWash.BL", "..\CarWash.BL\CarWash.BL.csproj", "{D50C7713-B0FA-4385-8DD6-88A766547A17}"
EndProject
Project("{FAE04EC0-301F-11D3-BF4B-00C04F79EFBC}") = "CarWash.DAL", "..\CarWash.DAL\CarWash.DAL.csproj", "{4A899AAF-0320-4F68-BBBB-054DD91BC9E1}"
EndProject
Project("{54435603-DBB4-11D2-8724-00A0C9A8B90C}") = "CarWashSetup", "..\CarWashSetup\CarWashSetup.vdproj", "{E974202D-FE1C-5B16-7572-B6368A60950A}"
EndProject
Global
	GlobalSection(SolutionConfigurationPlatforms) = preSolution
		Debug|Any CPU = Debug|Any CPU
		Release|Any CPU = Release|Any CPU
	EndGlobalSection
	GlobalSection(ProjectConfigurationPlatforms) = postSolution
		{8357232F-2008-4E3E-BABA-82D369FADE12}.Debug|Any CPU.ActiveCfg = Debug|Any CPU
		{8357232F-2008-4E3E-BABA-82D369FADE12}.Debug|Any CPU.Build.0 = Debug|Any CPU
		{8357232F-2008-4E3E-BABA-82D369FADE12}.Release|Any CPU.ActiveCfg = Release|Any CPU
		{8357232F-2008-4E3E-BABA-82D369FADE12}.Release|Any CPU.Build.0 = Release|Any CPU
		{D50C7713-B0FA-4385-8DD6-88A766547A17}.Debug|Any CPU.ActiveCfg = Debug|Any CPU
		{D50C7713-B0FA-4385-8DD6-88A766547A17}.Debug|Any CPU.Build.0 = Debug|Any CPU
		{D50C7713-B0FA-4385-8DD6-88A766547A17}.Release|Any CPU.ActiveCfg = Release|Any CPU
		{D50C7713-B0FA-4385-8DD6-88A766547A17}.Release|Any CPU.Build.0 = Release|Any CPU
		{4A899AAF-0320-4F68-BBBB-054DD91BC9E1}.Debug|Any CPU.ActiveCfg = Debug|Any CPU
		{4A899AAF-0320-4F68-BBBB-054DD91BC9E1}.Debug|Any CPU.Build.0 = Debug|Any CPU
		{4A899AAF-0320-4F68-BBBB-054DD91BC9E1}.Release|Any CPU.ActiveCfg = Release|Any CPU
		{4A899AAF-0320-4F68-BBBB-054DD91BC9E1}.Release|Any CPU.Build.0 = Release|Any CPU
		{E974202D-FE1C-5B16-7572-B6368A60950A}.Debug|Any CPU.ActiveCfg = Debug
		{E974202D-FE1C-5B16-7572-B6368A60950A}.Release|Any CPU.ActiveCfg = Release
	EndGlobalSection
	GlobalSection(SolutionProperties) = preSolution
		HideSolutionNode = FALSE
	EndGlobalSection
	GlobalSection(ExtensibilityGlobals) = postSolution
		SolutionGuid = {1C324E45-EE86-4931-973F-B94261DB4AF2}
	EndGlobalSection
EndGlobal
